
Microsoft Visual Studio Solution File, Format Version 12.00
# Visual Studio Version 17
VisualStudioVersion = 17.8.34525.116
MinimumVisualStudioVersion = 10.0.40219.1
Project("{9A19103F-16F7-4668-BE54-9A1E7A4F7556}") = "MVCPeliculas", "MVCPeliculas\MVCPeliculas.csproj", "{446CFEB1-409E-41E6-92CB-EF65BAA3011E}"
EndProject
Project("{FAE04EC0-301F-11D3-BF4B-00C04F79EFBC}") = "Persona", "Persona\Persona.csproj", "{2EF553B3-A6A1-406F-A3F0-BE2837A63C8D}"
EndProject
Global
	GlobalSection(SolutionConfigurationPlatforms) = preSolution
		Debug|Any CPU = Debug|Any CPU
		Release|Any CPU = Release|Any CPU
	EndGlobalSection
	GlobalSection(ProjectConfigurationPlatforms) = postSolution
		{446CFEB1-409E-41E6-92CB-EF65BAA3011E}.Debug|Any CPU.ActiveCfg = Debug|Any CPU
		{446CFEB1-409E-41E6-92CB-EF65BAA3011E}.Debug|Any CPU.Build.0 = Debug|Any CPU
		{446CFEB1-409E-41E6-92CB-EF65BAA3011E}.Release|Any CPU.ActiveCfg = Release|Any CPU
		{446CFEB1-409E-41E6-92CB-EF65BAA3011E}.Release|Any CPU.Build.0 = Release|Any CPU
		{2EF553B3-A6A1-406F-A3F0-BE2837A63C8D}.Debug|Any CPU.ActiveCfg = Debug|Any CPU
		{2EF553B3-A6A1-406F-A3F0-BE2837A63C8D}.Debug|Any CPU.Build.0 = Debug|Any CPU
		{2EF553B3-A6A1-406F-A3F0-BE2837A63C8D}.Release|Any CPU.ActiveCfg = Release|Any CPU
		{2EF553B3-A6A1-406F-A3F0-BE2837A63C8D}.Release|Any CPU.Build.0 = Release|Any CPU
	EndGlobalSection
	GlobalSection(SolutionProperties) = preSolution
		HideSolutionNode = FALSE
	EndGlobalSection
	GlobalSection(ExtensibilityGlobals) = postSolution
		SolutionGuid = {A7AB6205-620D-44A3-B816-2E466E45E88A}
	EndGlobalSection
EndGlobal
